// !$*UTF8*$!
{
	archiveVersion = 1;
	classes = {
	};
	objectVersion = 56;
	objects = {

/* Begin PBXBuildFile section */
		9AB8E9092CF4319400CD3DEC /* TheSimpleCloud2App.swift in Sources */ = {isa = PBXBuildFile; fileRef = 9AB8E9082CF4319400CD3DEC /* TheSimpleCloud2App.swift */; };
		9AB8E90B2CF4319400CD3DEC /* ContentView.swift in Sources */ = {isa = PBXBuildFile; fileRef = 9AB8E90A2CF4319400CD3DEC /* ContentView.swift */; };
		9AB8E90D2CF4319600CD3DEC /* Assets.xcassets in Resources */ = {isa = PBXBuildFile; fileRef = 9AB8E90C2CF4319600CD3DEC /* Assets.xcassets */; };
		9AB8E9102CF4319600CD3DEC /* Preview Assets.xcassets in Resources */ = {isa = PBXBuildFile; fileRef = 9AB8E90F2CF4319600CD3DEC /* Preview Assets.xcassets */; };
		9AB8E9122CF4319600CD3DEC /* Persistence.swift in Sources */ = {isa = PBXBuildFile; fileRef = 9AB8E9112CF4319600CD3DEC /* Persistence.swift */; };
		9AB8E9152CF4319600CD3DEC /* TheSimpleCloud2.xcdatamodeld in Sources */ = {isa = PBXBuildFile; fileRef = 9AB8E9132CF4319600CD3DEC /* TheSimpleCloud2.xcdatamodeld */; };
/* End PBXBuildFile section */

/* Begin PBXFileReference section */
		9AB8E9052CF4319400CD3DEC /* TheSimpleCloud2.app */ = {isa = PBXFileReference; explicitFileType = wrapper.application; includeInIndex = 0; path = TheSimpleCloud2.app; sourceTree = BUILT_PRODUCTS_DIR; };
		9AB8E9082CF4319400CD3DEC /* TheSimpleCloud2App.swift */ = {isa = PBXFileReference; lastKnownFileType = sourcecode.swift; path = TheSimpleCloud2App.swift; sourceTree = "<group>"; };
		9AB8E90A2CF4319400CD3DEC /* ContentView.swift */ = {isa = PBXFileReference; lastKnownFileType = sourcecode.swift; path = ContentView.swift; sourceTree = "<group>"; };
		9AB8E90C2CF4319600CD3DEC /* Assets.xcassets */ = {isa = PBXFileReference; lastKnownFileType = folder.assetcatalog; path = Assets.xcassets; sourceTree = "<group>"; };
		9AB8E90F2CF4319600CD3DEC /* Preview Assets.xcassets */ = {isa = PBXFileReference; lastKnownFileType = folder.assetcatalog; path = "Preview Assets.xcassets"; sourceTree = "<group>"; };
		9AB8E9112CF4319600CD3DEC /* Persistence.swift */ = {isa = PBXFileReference; lastKnownFileType = sourcecode.swift; path = Persistence.swift; sourceTree = "<group>"; };
		9AB8E9142CF4319600CD3DEC /* TheSimpleCloud2.xcdatamodel */ = {isa = PBXFileReference; lastKnownFileType = wrapper.xcdatamodel; path = TheSimpleCloud2.xcdatamodel; sourceTree = "<group>"; };
/* End PBXFileReference section */

/* Begin PBXFrameworksBuildPhase section */
		9AB8E9022CF4319400CD3DEC /* Frameworks */ = {
			isa = PBXFrameworksBuildPhase;
			buildActionMask = 2147483647;
			files = (
			);
			runOnlyForDeploymentPostprocessing = 0;
		};
/* End PBXFrameworksBuildPhase section */

/* Begin PBXGroup section */
		9AB8E8FC2CF4319400CD3DEC = {
			isa = PBXGroup;
			children = (
				9AB8E9072CF4319400CD3DEC /* TheSimpleCloud2 */,
				9AB8E9062CF4319400CD3DEC /* Products */,
			);
			sourceTree = "<group>";
		};
		9AB8E9062CF4319400CD3DEC /* Products */ = {
			isa = PBXGroup;
			children = (
				9AB8E9052CF4319400CD3DEC /* TheSimpleCloud2.app */,
			);
			name = Products;
			sourceTree = "<group>";
		};
		9AB8E9072CF4319400CD3DEC /* TheSimpleCloud2 */ = {
			isa = PBXGroup;
			children = (
				9AB8E9082CF4319400CD3DEC /* TheSimpleCloud2App.swift */,
				9AB8E90A2CF4319400CD3DEC /* ContentView.swift */,
				9AB8E90C2CF4319600CD3DEC /* Assets.xcassets */,
				9AB8E9112CF4319600CD3DEC /* Persistence.swift */,
				9AB8E9132CF4319600CD3DEC /* TheSimpleCloud2.xcdatamodeld */,
				9AB8E90E2CF4319600CD3DEC /* Preview Content */,
			);
			path = TheSimpleCloud2;
			sourceTree = "<group>";
		};
		9AB8E90E2CF4319600CD3DEC /* Preview Content */ = {
			isa = PBXGroup;
			children = (
				9AB8E90F2CF4319600CD3DEC /* Preview Assets.xcassets */,
			);
			path = "Preview Content";
			sourceTree = "<group>";
		};
/* End PBXGroup section */

/* Begin PBXNativeTarget section */
		9AB8E9042CF4319400CD3DEC /* TheSimpleCloud2 */ = {
			isa = PBXNativeTarget;
			buildConfigurationList = 9AB8E9182CF4319600CD3DEC /* Build configuration list for PBXNativeTarget "TheSimpleCloud2" */;
			buildPhases = (
				9AB8E9012CF4319400CD3DEC /* Sources */,
				9AB8E9022CF4319400CD3DEC /* Frameworks */,
				9AB8E9032CF4319400CD3DEC /* Resources */,
			);
			buildRules = (
			);
			dependencies = (
			);
			name = TheSimpleCloud2;
			productName = TheSimpleCloud2;
			productReference = 9AB8E9052CF4319400CD3DEC /* TheSimpleCloud2.app */;
			productType = "com.apple.product-type.application";
		};
/* End PBXNativeTarget section */

/* Begin PBXProject section */
		9AB8E8FD2CF4319400CD3DEC /* Project object */ = {
			isa = PBXProject;
			attributes = {
				BuildIndependentTargetsInParallel = 1;
				LastSwiftUpdateCheck = 1520;
				LastUpgradeCheck = 1520;
				TargetAttributes = {
					9AB8E9042CF4319400CD3DEC = {
						CreatedOnToolsVersion = 15.2;
					};
				};
			};
			buildConfigurationList = 9AB8E9002CF4319400CD3DEC /* Build configuration list for PBXProject "TheSimpleCloud2" */;
			compatibilityVersion = "Xcode 14.0";
			developmentRegion = en;
			hasScannedForEncodings = 0;
			knownRegions = (
				en,
				Base,
			);
			mainGroup = 9AB8E8FC2CF4319400CD3DEC;
			productRefGroup = 9AB8E9062CF4319400CD3DEC /* Products */;
			projectDirPath = "";
			projectRoot = "";
			targets = (
				9AB8E9042CF4319400CD3DEC /* TheSimpleCloud2 */,
			);
		};
/* End PBXProject section */

/* Begin PBXResourcesBuildPhase section */
		9AB8E9032CF4319400CD3DEC /* Resources */ = {
			isa = PBXResourcesBuildPhase;
			buildActionMask = 2147483647;
			files = (
				9AB8E9102CF4319600CD3DEC /* Preview Assets.xcassets in Resources */,
				9AB8E90D2CF4319600CD3DEC /* Assets.xcassets in Resources */,
			);
			runOnlyForDeploymentPostprocessing = 0;
		};
/* End PBXResourcesBuildPhase section */

/* Begin PBXSourcesBuildPhase section */
		9AB8E9012CF4319400CD3DEC /* Sources */ = {
			isa = PBXSourcesBuildPhase;
			buildActionMask = 2147483647;
			files = (
				9AB8E9152CF4319600CD3DEC /* TheSimpleCloud2.xcdatamodeld in Sources */,
				9AB8E9122CF4319600CD3DEC /* Persistence.swift in Sources */,
				9AB8E90B2CF4319400CD3DEC /* ContentView.swift in Sources */,
				9AB8E9092CF4319400CD3DEC /* TheSimpleCloud2App.swift in Sources */,
			);
			runOnlyForDeploymentPostprocessing = 0;
		};
/* End PBXSourcesBuildPhase section */

/* Begin XCBuildConfiguration section */
		9AB8E9162CF4319600CD3DEC /* Debug */ = {
			isa = XCBuildConfiguration;
			buildSettings = {
				ALWAYS_SEARCH_USER_PATHS = NO;
				ASSETCATALOG_COMPILER_GENERATE_SWIFT_ASSET_SYMBOL_EXTENSIONS = YES;
				CLANG_ANALYZER_NONNULL = YES;
				CLANG_ANALYZER_NUMBER_OBJECT_CONVERSION = YES_AGGRESSIVE;
				CLANG_CXX_LANGUAGE_STANDARD = "gnu++20";
				CLANG_ENABLE_MODULES = YES;
				CLANG_ENABLE_OBJC_ARC = YES;
				CLANG_ENABLE_OBJC_WEAK = YES;
				CLANG_WARN_BLOCK_CAPTURE_AUTORELEASING = YES;
				CLANG_WARN_BOOL_CONVERSION = YES;
				CLANG_WARN_COMMA = YES;
				CLANG_WARN_CONSTANT_CONVERSION = YES;
				CLANG_WARN_DEPRECATED_OBJC_IMPLEMENTATIONS = YES;
				CLANG_WARN_DIRECT_OBJC_ISA_USAGE = YES_ERROR;
				CLANG_WARN_DOCUMENTATION_COMMENTS = YES;
				CLANG_WARN_EMPTY_BODY = YES;
				CLANG_WARN_ENUM_CONVERSION = YES;
				CLANG_WARN_INFINITE_RECURSION = YES;
				CLANG_WARN_INT_CONVERSION = YES;
				CLANG_WARN_NON_LITERAL_NULL_CONVERSION = YES;
				CLANG_WARN_OBJC_IMPLICIT_RETAIN_SELF = YES;
				CLANG_WARN_OBJC_LITERAL_CONVERSION = YES;
				CLANG_WARN_OBJC_ROOT_CLASS = YES_ERROR;
				CLANG_WARN_QUOTED_INCLUDE_IN_FRAMEWORK_HEADER = YES;
				CLANG_WARN_RANGE_LOOP_ANALYSIS = YES;
				CLANG_WARN_STRICT_PROTOTYPES = YES;
				CLANG_WARN_SUSPICIOUS_MOVE = YES;
				CLANG_WARN_UNGUARDED_AVAILABILITY = YES_AGGRESSIVE;
				CLANG_WARN_UNREACHABLE_CODE = YES;
				CLANG_WARN__DUPLICATE_METHOD_MATCH = YES;
				COPY_PHASE_STRIP = NO;
				DEBUG_INFORMATION_FORMAT = dwarf;
				ENABLE_STRICT_OBJC_MSGSEND = YES;
				ENABLE_TESTABILITY = YES;
				ENABLE_USER_SCRIPT_SANDBOXING = YES;
				GCC_C_LANGUAGE_STANDARD = gnu17;
				GCC_DYNAMIC_NO_PIC = NO;
				GCC_NO_COMMON_BLOCKS = YES;
				GCC_OPTIMIZATION_LEVEL = 0;
				GCC_PREPROCESSOR_DEFINITIONS = (
					"DEBUG=1",
					"$(inherited)",
				);
				GCC_WARN_64_TO_32_BIT_CONVERSION = YES;
				GCC_WARN_ABOUT_RETURN_TYPE = YES_ERROR;
				GCC_WARN_UNDECLARED_SELECTOR = YES;
				GCC_WARN_UNINITIALIZED_AUTOS = YES_AGGRESSIVE;
				GCC_WARN_UNUSED_FUNCTION = YES;
				GCC_WARN_UNUSED_VARIABLE = YES;
				IPHONEOS_DEPLOYMENT_TARGET = 17.2;
				LOCALIZATION_PREFERS_STRING_CATALOGS = YES;
				MTL_ENABLE_DEBUG_INFO = INCLUDE_SOURCE;
				MTL_FAST_MATH = YES;
				ONLY_ACTIVE_ARCH = YES;
				SDKROOT = iphoneos;
				SWIFT_ACTIVE_COMPILATION_CONDITIONS = "DEBUG $(inherited)";
				SWIFT_OPTIMIZATION_LEVEL = "-Onone";
			};
			name = Debug;
		};
		9AB8E9172CF4319600CD3DEC /* Release */ = {
			isa = XCBuildConfiguration;
			buildSettings = {
				ALWAYS_SEARCH_USER_PATHS = NO;
				ASSETCATALOG_COMPILER_GENERATE_SWIFT_ASSET_SYMBOL_EXTENSIONS = YES;
				CLANG_ANALYZER_NONNULL = YES;
				CLANG_ANALYZER_NUMBER_OBJECT_CONVERSION = YES_AGGRESSIVE;
				CLANG_CXX_LANGUAGE_STANDARD = "gnu++20";
				CLANG_ENABLE_MODULES = YES;
				CLANG_ENABLE_OBJC_ARC = YES;
				CLANG_ENABLE_OBJC_WEAK = YES;
				CLANG_WARN_BLOCK_CAPTURE_AUTORELEASING = YES;
				CLANG_WARN_BOOL_CONVERSION = YES;
				CLANG_WARN_COMMA = YES;
				CLANG_WARN_CONSTANT_CONVERSION = YES;
				CLANG_WARN_DEPRECATED_OBJC_IMPLEMENTATIONS = YES;
				CLANG_WARN_DIRECT_OBJC_ISA_USAGE = YES_ERROR;
				CLANG_WARN_DOCUMENTATION_COMMENTS = YES;
				CLANG_WARN_EMPTY_BODY = YES;
				CLANG_WARN_ENUM_CONVERSION = YES;
				CLANG_WARN_INFINITE_RECURSION = YES;
				CLANG_WARN_INT_CONVERSION = YES;
				CLANG_WARN_NON_LITERAL_NULL_CONVERSION = YES;
				CLANG_WARN_OBJC_IMPLICIT_RETAIN_SELF = YES;
				CLANG_WARN_OBJC_LITERAL_CONVERSION = YES;
				CLANG_WARN_OBJC_ROOT_CLASS = YES_ERROR;
				CLANG_WARN_QUOTED_INCLUDE_IN_FRAMEWORK_HEADER = YES;
				CLANG_WARN_RANGE_LOOP_ANALYSIS = YES;
				CLANG_WARN_STRICT_PROTOTYPES = YES;
				CLANG_WARN_SUSPICIOUS_MOVE = YES;
				CLANG_WARN_UNGUARDED_AVAILABILITY = YES_AGGRESSIVE;
				CLANG_WARN_UNREACHABLE_CODE = YES;
				CLANG_WARN__DUPLICATE_METHOD_MATCH = YES;
				COPY_PHASE_STRIP = NO;
				DEBUG_INFORMATION_FORMAT = "dwarf-with-dsym";
				ENABLE_NS_ASSERTIONS = NO;
				ENABLE_STRICT_OBJC_MSGSEND = YES;
				ENABLE_USER_SCRIPT_SANDBOXING = YES;
				GCC_C_LANGUAGE_STANDARD = gnu17;
				GCC_NO_COMMON_BLOCKS = YES;
				GCC_WARN_64_TO_32_BIT_CONVERSION = YES;
				GCC_WARN_ABOUT_RETURN_TYPE = YES_ERROR;
				GCC_WARN_UNDECLARED_SELECTOR = YES;
				GCC_WARN_UNINITIALIZED_AUTOS = YES_AGGRESSIVE;
				GCC_WARN_UNUSED_FUNCTION = YES;
				GCC_WARN_UNUSED_VARIABLE = YES;
				IPHONEOS_DEPLOYMENT_TARGET = 17.2;
				LOCALIZATION_PREFERS_STRING_CATALOGS = YES;
				MTL_ENABLE_DEBUG_INFO = NO;
				MTL_FAST_MATH = YES;
				SDKROOT = iphoneos;
				SWIFT_COMPILATION_MODE = wholemodule;
				VALIDATE_PRODUCT = YES;
			};
			name = Release;
		};
		9AB8E9192CF4319600CD3DEC /* Debug */ = {
			isa = XCBuildConfiguration;
			buildSettings = {
				ASSETCATALOG_COMPILER_APPICON_NAME = AppIcon;
				ASSETCATALOG_COMPILER_GLOBAL_ACCENT_COLOR_NAME = AccentColor;
				CODE_SIGN_STYLE = Automatic;
				CURRENT_PROJECT_VERSION = 1;
				DEVELOPMENT_ASSET_PATHS = "\"TheSimpleCloud2/Preview Content\"";
				DEVELOPMENT_TEAM = 33K9YBN2Y2;
				ENABLE_PREVIEWS = YES;
				GENERATE_INFOPLIST_FILE = YES;
				INFOPLIST_KEY_UIApplicationSceneManifest_Generation = YES;
				INFOPLIST_KEY_UIApplicationSupportsIndirectInputEvents = YES;
				INFOPLIST_KEY_UILaunchScreen_Generation = YES;
				INFOPLIST_KEY_UISupportedInterfaceOrientations_iPad = "UIInterfaceOrientationPortrait UIInterfaceOrientationPortraitUpsideDown UIInterfaceOrientationLandscapeLeft UIInterfaceOrientationLandscapeRight";
				INFOPLIST_KEY_UISupportedInterfaceOrientations_iPhone = "UIInterfaceOrientationPortrait UIInterfaceOrientationLandscapeLeft UIInterfaceOrientationLandscapeRight";
				LD_RUNPATH_SEARCH_PATHS = (
					"$(inherited)",
					"@executable_path/Frameworks",
				);
				MARKETING_VERSION = 1.0;
				PRODUCT_BUNDLE_IDENTIFIER = rmSwift.TheSimpleCloud2;
				PRODUCT_NAME = "$(TARGET_NAME)";
				SWIFT_EMIT_LOC_STRINGS = YES;
				SWIFT_VERSION = 5.0;
				TARGETED_DEVICE_FAMILY = "1,2";
			};
			name = Debug;
		};
		9AB8E91A2CF4319600CD3DEC /* Release */ = {
			isa = XCBuildConfiguration;
			buildSettings = {
				ASSETCATALOG_COMPILER_APPICON_NAME = AppIcon;
				ASSETCATALOG_COMPILER_GLOBAL_ACCENT_COLOR_NAME = AccentColor;
				CODE_SIGN_STYLE = Automatic;
				CURRENT_PROJECT_VERSION = 1;
				DEVELOPMENT_ASSET_PATHS = "\"TheSimpleCloud2/Preview Content\"";
				DEVELOPMENT_TEAM = 33K9YBN2Y2;
				ENABLE_PREVIEWS = YES;
				GENERATE_INFOPLIST_FILE = YES;
				INFOPLIST_KEY_UIApplicationSceneManifest_Generation = YES;
				INFOPLIST_KEY_UIApplicationSupportsIndirectInputEvents = YES;
				INFOPLIST_KEY_UILaunchScreen_Generation = YES;
				INFOPLIST_KEY_UISupportedInterfaceOrientations_iPad = "UIInterfaceOrientationPortrait UIInterfaceOrientationPortraitUpsideDown UIInterfaceOrientationLandscapeLeft UIInterfaceOrientationLandscapeRight";
				INFOPLIST_KEY_UISupportedInterfaceOrientations_iPhone = "UIInterfaceOrientationPortrait UIInterfaceOrientationLandscapeLeft UIInterfaceOrientationLandscapeRight";
				LD_RUNPATH_SEARCH_PATHS = (
					"$(inherited)",
					"@executable_path/Frameworks",
				);
				MARKETING_VERSION = 1.0;
				PRODUCT_BUNDLE_IDENTIFIER = rmSwift.TheSimpleCloud2;
				PRODUCT_NAME = "$(TARGET_NAME)";
				SWIFT_EMIT_LOC_STRINGS = YES;
				SWIFT_VERSION = 5.0;
				TARGETED_DEVICE_FAMILY = "1,2";
			};
			name = Release;
		};
/* End XCBuildConfiguration section */

/* Begin XCConfigurationList section */
		9AB8E9002CF4319400CD3DEC /* Build configuration list for PBXProject "TheSimpleCloud2" */ = {
			isa = XCConfigurationList;
			buildConfigurations = (
				9AB8E9162CF4319600CD3DEC /* Debug */,
				9AB8E9172CF4319600CD3DEC /* Release */,
			);
			defaultConfigurationIsVisible = 0;
			defaultConfigurationName = Release;
		};
		9AB8E9182CF4319600CD3DEC /* Build configuration list for PBXNativeTarget "TheSimpleCloud2" */ = {
			isa = XCConfigurationList;
			buildConfigurations = (
				9AB8E9192CF4319600CD3DEC /* Debug */,
				9AB8E91A2CF4319600CD3DEC /* Release */,
			);
			defaultConfigurationIsVisible = 0;
			defaultConfigurationName = Release;
		};
/* End XCConfigurationList section */

/* Begin XCVersionGroup section */
		9AB8E9132CF4319600CD3DEC /* TheSimpleCloud2.xcdatamodeld */ = {
			isa = XCVersionGroup;
			children = (
				9AB8E9142CF4319600CD3DEC /* TheSimpleCloud2.xcdatamodel */,
			);
			currentVersion = 9AB8E9142CF4319600CD3DEC /* TheSimpleCloud2.xcdatamodel */;
			path = TheSimpleCloud2.xcdatamodeld;
			sourceTree = "<group>";
			versionGroupType = wrapper.xcdatamodel;
		};
/* End XCVersionGroup section */
	};
	rootObject = 9AB8E8FD2CF4319400CD3DEC /* Project object */;
}
